
Microsoft Visual Studio Solution File, Format Version 12.00
# Visual Studio Version 17
VisualStudioVersion = 17.6.33829.357
MinimumVisualStudioVersion = 10.0.40219.1
Project("{FAE04EC0-301F-11D3-BF4B-00C04F79EFBC}") = "VillaLuck", "VillaLuck\VillaLuck.csproj", "{458D4B27-A27F-45B6-85E2-8FF8C3F105F4}"
EndProject
Global
	GlobalSection(SolutionConfigurationPlatforms) = preSolution
		Debug|Any CPU = Debug|Any CPU
		Release|Any CPU = Release|Any CPU
	EndGlobalSection
	GlobalSection(ProjectConfigurationPlatforms) = postSolution
		{458D4B27-A27F-45B6-85E2-8FF8C3F105F4}.Debug|Any CPU.ActiveCfg = Debug|Any CPU
		{458D4B27-A27F-45B6-85E2-8FF8C3F105F4}.Debug|Any CPU.Build.0 = Debug|Any CPU
		{458D4B27-A27F-45B6-85E2-8FF8C3F105F4}.Release|Any CPU.ActiveCfg = Release|Any CPU
		{458D4B27-A27F-45B6-85E2-8FF8C3F105F4}.Release|Any CPU.Build.0 = Release|Any CPU
	EndGlobalSection
	GlobalSection(SolutionProperties) = preSolution
		HideSolutionNode = FALSE
	EndGlobalSection
	GlobalSection(ExtensibilityGlobals) = postSolution
		SolutionGuid = {042B2BCE-1D47-47DC-94B3-41A1B37C7CE3}
	EndGlobalSection
EndGlobal
